
Microsoft Visual Studio Solution File, Format Version 12.00
# Visual Studio Version 17
VisualStudioVersion = 17.2.32630.192
MinimumVisualStudioVersion = 10.0.40219.1
Project("{FAE04EC0-301F-11D3-BF4B-00C04F79EFBC}") = "MVCCore.MongoDB.CRUD", "MVCCore.MongoDB.CRUD\MVCCore.MongoDB.CRUD.csproj", "{F49D8C2A-B9B7-4F86-A9F2-2D7C425A7516}"
EndProject
Global
	GlobalSection(SolutionConfigurationPlatforms) = preSolution
		Debug|Any CPU = Debug|Any CPU
		Release|Any CPU = Release|Any CPU
	EndGlobalSection
	GlobalSection(ProjectConfigurationPlatforms) = postSolution
		{F49D8C2A-B9B7-4F86-A9F2-2D7C425A7516}.Debug|Any CPU.ActiveCfg = Debug|Any CPU
		{F49D8C2A-B9B7-4F86-A9F2-2D7C425A7516}.Debug|Any CPU.Build.0 = Debug|Any CPU
		{F49D8C2A-B9B7-4F86-A9F2-2D7C425A7516}.Release|Any CPU.ActiveCfg = Release|Any CPU
		{F49D8C2A-B9B7-4F86-A9F2-2D7C425A7516}.Release|Any CPU.Build.0 = Release|Any CPU
	EndGlobalSection
	GlobalSection(SolutionProperties) = preSolution
		HideSolutionNode = FALSE
	EndGlobalSection
	GlobalSection(ExtensibilityGlobals) = postSolution
		SolutionGuid = {F11546B9-18C0-4CF8-A3D0-2FF477BFF773}
	EndGlobalSection
EndGlobal
